// !$*UTF8*$!
{
	archiveVersion = 1;
	classes = {
	};
	objectVersion = 46;
	objects = {

/* Begin PBXBuildFile section */
		5D503E451E43984D00F3E6EC /* cuba.mp3 in Resources */ = {isa = PBXBuildFile; fileRef = 5D503E411E43984D00F3E6EC /* cuba.mp3 */; };
		5D503E461E43984D00F3E6EC /* mountains.mp3 in Resources */ = {isa = PBXBuildFile; fileRef = 5D503E421E43984D00F3E6EC /* mountains.mp3 */; };
		5D503E471E43984D00F3E6EC /* socium.mp3 in Resources */ = {isa = PBXBuildFile; fileRef = 5D503E431E43984D00F3E6EC /* socium.mp3 */; };
		5D503E481E43984D00F3E6EC /* white clothes.mp3 in Resources */ = {isa = PBXBuildFile; fileRef = 5D503E441E43984D00F3E6EC /* white clothes.mp3 */; };
		5D503E4A1E43A71C00F3E6EC /* music.jpg in Resources */ = {isa = PBXBuildFile; fileRef = 5D503E491E43A71C00F3E6EC /* music.jpg */; };
		5D7BEEBD1E42531B00A89798 /* AppDelegate.swift in Sources */ = {isa = PBXBuildFile; fileRef = 5D7BEEBC1E42531B00A89798 /* AppDelegate.swift */; };
		5D7BEEBF1E42531B00A89798 /* FirstViewController.swift in Sources */ = {isa = PBXBuildFile; fileRef = 5D7BEEBE1E42531B00A89798 /* FirstViewController.swift */; };
		5D7BEEC11E42531B00A89798 /* SecondViewController.swift in Sources */ = {isa = PBXBuildFile; fileRef = 5D7BEEC01E42531B00A89798 /* SecondViewController.swift */; };
		5D7BEEC41E42531B00A89798 /* Main.storyboard in Resources */ = {isa = PBXBuildFile; fileRef = 5D7BEEC21E42531B00A89798 /* Main.storyboard */; };
		5D7BEEC61E42531B00A89798 /* Assets.xcassets in Resources */ = {isa = PBXBuildFile; fileRef = 5D7BEEC51E42531B00A89798 /* Assets.xcassets */; };
		5D7BEEC91E42531B00A89798 /* LaunchScreen.storyboard in Resources */ = {isa = PBXBuildFile; fileRef = 5D7BEEC71E42531B00A89798 /* LaunchScreen.storyboard */; };
/* End PBXBuildFile section */

/* Begin PBXFileReference section */
		5D503E411E43984D00F3E6EC /* cuba.mp3 */ = {isa = PBXFileReference; lastKnownFileType = audio.mp3; path = cuba.mp3; sourceTree = "<group>"; };
		5D503E421E43984D00F3E6EC /* mountains.mp3 */ = {isa = PBXFileReference; lastKnownFileType = audio.mp3; path = mountains.mp3; sourceTree = "<group>"; };
		5D503E431E43984D00F3E6EC /* socium.mp3 */ = {isa = PBXFileReference; lastKnownFileType = audio.mp3; path = socium.mp3; sourceTree = "<group>"; };
		5D503E441E43984D00F3E6EC /* white clothes.mp3 */ = {isa = PBXFileReference; lastKnownFileType = audio.mp3; path = "white clothes.mp3"; sourceTree = "<group>"; };
		5D503E491E43A71C00F3E6EC /* music.jpg */ = {isa = PBXFileReference; lastKnownFileType = image.jpeg; path = music.jpg; sourceTree = "<group>"; };
		5D7BEEB91E42531B00A89798 /* Music player.app */ = {isa = PBXFileReference; explicitFileType = wrapper.application; includeInIndex = 0; path = "Music player.app"; sourceTree = BUILT_PRODUCTS_DIR; };
		5D7BEEBC1E42531B00A89798 /* AppDelegate.swift */ = {isa = PBXFileReference; lastKnownFileType = sourcecode.swift; path = AppDelegate.swift; sourceTree = "<group>"; };
		5D7BEEBE1E42531B00A89798 /* FirstViewController.swift */ = {isa = PBXFileReference; lastKnownFileType = sourcecode.swift; path = FirstViewController.swift; sourceTree = "<group>"; };
		5D7BEEC01E42531B00A89798 /* SecondViewController.swift */ = {isa = PBXFileReference; lastKnownFileType = sourcecode.swift; path = SecondViewController.swift; sourceTree = "<group>"; };
		5D7BEEC31E42531B00A89798 /* Base */ = {isa = PBXFileReference; lastKnownFileType = file.storyboard; name = Base; path = Base.lproj/Main.storyboard; sourceTree = "<group>"; };
		5D7BEEC51E42531B00A89798 /* Assets.xcassets */ = {isa = PBXFileReference; lastKnownFileType = folder.assetcatalog; path = Assets.xcassets; sourceTree = "<group>"; };
		5D7BEEC81E42531B00A89798 /* Base */ = {isa = PBXFileReference; lastKnownFileType = file.storyboard; name = Base; path = Base.lproj/LaunchScreen.storyboard; sourceTree = "<group>"; };
		5D7BEECA1E42531B00A89798 /* Info.plist */ = {isa = PBXFileReference; lastKnownFileType = text.plist.xml; path = Info.plist; sourceTree = "<group>"; };
/* End PBXFileReference section */

/* Begin PBXFrameworksBuildPhase section */
		5D7BEEB61E42531B00A89798 /* Frameworks */ = {
			isa = PBXFrameworksBuildPhase;
			buildActionMask = 2147483647;
			files = (
			);
			runOnlyForDeploymentPostprocessing = 0;
		};
/* End PBXFrameworksBuildPhase section */

/* Begin PBXGroup section */
		5D503E401E43984D00F3E6EC /* Songs */ = {
			isa = PBXGroup;
			children = (
				5D503E411E43984D00F3E6EC /* cuba.mp3 */,
				5D503E421E43984D00F3E6EC /* mountains.mp3 */,
				5D503E431E43984D00F3E6EC /* socium.mp3 */,
				5D503E441E43984D00F3E6EC /* white clothes.mp3 */,
			);
			path = Songs;
			sourceTree = "<group>";
		};
		5D7BEEB01E42531B00A89798 = {
			isa = PBXGroup;
			children = (
				5D7BEEBB1E42531B00A89798 /* Music player */,
				5D7BEEBA1E42531B00A89798 /* Products */,
			);
			sourceTree = "<group>";
		};
		5D7BEEBA1E42531B00A89798 /* Products */ = {
			isa = PBXGroup;
			children = (
				5D7BEEB91E42531B00A89798 /* Music player.app */,
			);
			name = Products;
			sourceTree = "<group>";
		};
		5D7BEEBB1E42531B00A89798 /* Music player */ = {
			isa = PBXGroup;
			children = (
				5D503E491E43A71C00F3E6EC /* music.jpg */,
				5D7BEEBC1E42531B00A89798 /* AppDelegate.swift */,
				5D7BEEBE1E42531B00A89798 /* FirstViewController.swift */,
				5D7BEEC01E42531B00A89798 /* SecondViewController.swift */,
				5D7BEEC21E42531B00A89798 /* Main.storyboard */,
				5D7BEEC51E42531B00A89798 /* Assets.xcassets */,
				5D7BEEC71E42531B00A89798 /* LaunchScreen.storyboard */,
				5D7BEECA1E42531B00A89798 /* Info.plist */,
				5D503E401E43984D00F3E6EC /* Songs */,
			);
			path = "Music player";
			sourceTree = "<group>";
		};
/* End PBXGroup section */

/* Begin PBXNativeTarget section */
		5D7BEEB81E42531B00A89798 /* Music player */ = {
			isa = PBXNativeTarget;
			buildConfigurationList = 5D7BEECD1E42531B00A89798 /* Build configuration list for PBXNativeTarget "Music player" */;
			buildPhases = (
				5D7BEEB51E42531B00A89798 /* Sources */,
				5D7BEEB61E42531B00A89798 /* Frameworks */,
				5D7BEEB71E42531B00A89798 /* Resources */,
			);
			buildRules = (
			);
			dependencies = (
			);
			name = "Music player";
			productName = "Music player";
			productReference = 5D7BEEB91E42531B00A89798 /* Music player.app */;
			productType = "com.apple.product-type.application";
		};
/* End PBXNativeTarget section */

/* Begin PBXProject section */
		5D7BEEB11E42531B00A89798 /* Project object */ = {
			isa = PBXProject;
			attributes = {
				LastSwiftUpdateCheck = 0820;
				LastUpgradeCheck = 0820;
				ORGANIZATIONNAME = Anastasia;
				TargetAttributes = {
					5D7BEEB81E42531B00A89798 = {
						CreatedOnToolsVersion = 8.2;
						ProvisioningStyle = Automatic;
					};
				};
			};
			buildConfigurationList = 5D7BEEB41E42531B00A89798 /* Build configuration list for PBXProject "Music player" */;
			compatibilityVersion = "Xcode 3.2";
			developmentRegion = English;
			hasScannedForEncodings = 0;
			knownRegions = (
				en,
				Base,
			);
			mainGroup = 5D7BEEB01E42531B00A89798;
			productRefGroup = 5D7BEEBA1E42531B00A89798 /* Products */;
			projectDirPath = "";
			projectRoot = "";
			targets = (
				5D7BEEB81E42531B00A89798 /* Music player */,
			);
		};
/* End PBXProject section */

/* Begin PBXResourcesBuildPhase section */
		5D7BEEB71E42531B00A89798 /* Resources */ = {
			isa = PBXResourcesBuildPhase;
			buildActionMask = 2147483647;
			files = (
				5D503E481E43984D00F3E6EC /* white clothes.mp3 in Resources */,
				5D503E4A1E43A71C00F3E6EC /* music.jpg in Resources */,
				5D503E471E43984D00F3E6EC /* socium.mp3 in Resources */,
				5D7BEEC91E42531B00A89798 /* LaunchScreen.storyboard in Resources */,
				5D503E451E43984D00F3E6EC /* cuba.mp3 in Resources */,
				5D7BEEC61E42531B00A89798 /* Assets.xcassets in Resources */,
				5D7BEEC41E42531B00A89798 /* Main.storyboard in Resources */,
				5D503E461E43984D00F3E6EC /* mountains.mp3 in Resources */,
			);
			runOnlyForDeploymentPostprocessing = 0;
		};
/* End PBXResourcesBuildPhase section */

/* Begin PBXSourcesBuildPhase section */
		5D7BEEB51E42531B00A89798 /* Sources */ = {
			isa = PBXSourcesBuildPhase;
			buildActionMask = 2147483647;
			files = (
				5D7BEEC11E42531B00A89798 /* SecondViewController.swift in Sources */,
				5D7BEEBD1E42531B00A89798 /* AppDelegate.swift in Sources */,
				5D7BEEBF1E42531B00A89798 /* FirstViewController.swift in Sources */,
			);
			runOnlyForDeploymentPostprocessing = 0;
		};
/* End PBXSourcesBuildPhase section */

/* Begin PBXVariantGroup section */
		5D7BEEC21E42531B00A89798 /* Main.storyboard */ = {
			isa = PBXVariantGroup;
			children = (
				5D7BEEC31E42531B00A89798 /* Base */,
			);
			name = Main.storyboard;
			sourceTree = "<group>";
		};
		5D7BEEC71E42531B00A89798 /* LaunchScreen.storyboard */ = {
			isa = PBXVariantGroup;
			children = (
				5D7BEEC81E42531B00A89798 /* Base */,
			);
			name = LaunchScreen.storyboard;
			sourceTree = "<group>";
		};
/* End PBXVariantGroup section */

/* Begin XCBuildConfiguration section */
		5D7BEECB1E42531B00A89798 /* Debug */ = {
			isa = XCBuildConfiguration;
			buildSettings = {
				ALWAYS_SEARCH_USER_PATHS = NO;
				CLANG_ANALYZER_NONNULL = YES;
				CLANG_CXX_LANGUAGE_STANDARD = "gnu++0x";
				CLANG_CXX_LIBRARY = "libc++";
				CLANG_ENABLE_MODULES = YES;
				CLANG_ENABLE_OBJC_ARC = YES;
				CLANG_WARN_BOOL_CONVERSION = YES;
				CLANG_WARN_CONSTANT_CONVERSION = YES;
				CLANG_WARN_DIRECT_OBJC_ISA_USAGE = YES_ERROR;
				CLANG_WARN_DOCUMENTATION_COMMENTS = YES;
				CLANG_WARN_EMPTY_BODY = YES;
				CLANG_WARN_ENUM_CONVERSION = YES;
				CLANG_WARN_INFINITE_RECURSION = YES;
				CLANG_WARN_INT_CONVERSION = YES;
				CLANG_WARN_OBJC_ROOT_CLASS = YES_ERROR;
				CLANG_WARN_SUSPICIOUS_MOVE = YES;
				CLANG_WARN_UNREACHABLE_CODE = YES;
				CLANG_WARN__DUPLICATE_METHOD_MATCH = YES;
				"CODE_SIGN_IDENTITY[sdk=iphoneos*]" = "iPhone Developer";
				COPY_PHASE_STRIP = NO;
				DEBUG_INFORMATION_FORMAT = dwarf;
				ENABLE_STRICT_OBJC_MSGSEND = YES;
				ENABLE_TESTABILITY = YES;
				GCC_C_LANGUAGE_STANDARD = gnu99;
				GCC_DYNAMIC_NO_PIC = NO;
				GCC_NO_COMMON_BLOCKS = YES;
				GCC_OPTIMIZATION_LEVEL = 0;
				GCC_PREPROCESSOR_DEFINITIONS = (
					"DEBUG=1",
					"$(inherited)",
				);
				GCC_WARN_64_TO_32_BIT_CONVERSION = YES;
				GCC_WARN_ABOUT_RETURN_TYPE = YES_ERROR;
				GCC_WARN_UNDECLARED_SELECTOR = YES;
				GCC_WARN_UNINITIALIZED_AUTOS = YES_AGGRESSIVE;
				GCC_WARN_UNUSED_FUNCTION = YES;
				GCC_WARN_UNUSED_VARIABLE = YES;
				IPHONEOS_DEPLOYMENT_TARGET = 10.2;
				MTL_ENABLE_DEBUG_INFO = YES;
				ONLY_ACTIVE_ARCH = YES;
				SDKROOT = iphoneos;
				SWIFT_ACTIVE_COMPILATION_CONDITIONS = DEBUG;
				SWIFT_OPTIMIZATION_LEVEL = "-Onone";
				TARGETED_DEVICE_FAMILY = "1,2";
			};
			name = Debug;
		};
		5D7BEECC1E42531B00A89798 /* Release */ = {
			isa = XCBuildConfiguration;
			buildSettings = {
				ALWAYS_SEARCH_USER_PATHS = NO;
				CLANG_ANALYZER_NONNULL = YES;
				CLANG_CXX_LANGUAGE_STANDARD = "gnu++0x";
				CLANG_CXX_LIBRARY = "libc++";
				CLANG_ENABLE_MODULES = YES;
				CLANG_ENABLE_OBJC_ARC = YES;
				CLANG_WARN_BOOL_CONVERSION = YES;
				CLANG_WARN_CONSTANT_CONVERSION = YES;
				CLANG_WARN_DIRECT_OBJC_ISA_USAGE = YES_ERROR;
				CLANG_WARN_DOCUMENTATION_COMMENTS = YES;
				CLANG_WARN_EMPTY_BODY = YES;
				CLANG_WARN_ENUM_CONVERSION = YES;
				CLANG_WARN_INFINITE_RECURSION = YES;
				CLANG_WARN_INT_CONVERSION = YES;
				CLANG_WARN_OBJC_ROOT_CLASS = YES_ERROR;
				CLANG_WARN_SUSPICIOUS_MOVE = YES;
				CLANG_WARN_UNREACHABLE_CODE = YES;
				CLANG_WARN__DUPLICATE_METHOD_MATCH = YES;
				"CODE_SIGN_IDENTITY[sdk=iphoneos*]" = "iPhone Developer";
				COPY_PHASE_STRIP = NO;
				DEBUG_INFORMATION_FORMAT = "dwarf-with-dsym";
				ENABLE_NS_ASSERTIONS = NO;
				ENABLE_STRICT_OBJC_MSGSEND = YES;
				GCC_C_LANGUAGE_STANDARD = gnu99;
				GCC_NO_COMMON_BLOCKS = YES;
				GCC_WARN_64_TO_32_BIT_CONVERSION = YES;
				GCC_WARN_ABOUT_RETURN_TYPE = YES_ERROR;
				GCC_WARN_UNDECLARED_SELECTOR = YES;
				GCC_WARN_UNINITIALIZED_AUTOS = YES_AGGRESSIVE;
				GCC_WARN_UNUSED_FUNCTION = YES;
				GCC_WARN_UNUSED_VARIABLE = YES;
				IPHONEOS_DEPLOYMENT_TARGET = 10.2;
				MTL_ENABLE_DEBUG_INFO = NO;
				SDKROOT = iphoneos;
				SWIFT_OPTIMIZATION_LEVEL = "-Owholemodule";
				TARGETED_DEVICE_FAMILY = "1,2";
				VALIDATE_PRODUCT = YES;
			};
			name = Release;
		};
		5D7BEECE1E42531B00A89798 /* Debug */ = {
			isa = XCBuildConfiguration;
			buildSettings = {
				ASSETCATALOG_COMPILER_APPICON_NAME = AppIcon;
				INFOPLIST_FILE = "Music player/Info.plist";
				LD_RUNPATH_SEARCH_PATHS = "$(inherited) @executable_path/Frameworks";
				PRODUCT_BUNDLE_IDENTIFIER = "Repina.Music-player";
				PRODUCT_NAME = "$(TARGET_NAME)";
				SWIFT_VERSION = 3.0;
			};
			name = Debug;
		};
		5D7BEECF1E42531B00A89798 /* Release */ = {
			isa = XCBuildConfiguration;
			buildSettings = {
				ASSETCATALOG_COMPILER_APPICON_NAME = AppIcon;
				INFOPLIST_FILE = "Music player/Info.plist";
				LD_RUNPATH_SEARCH_PATHS = "$(inherited) @executable_path/Frameworks";
				PRODUCT_BUNDLE_IDENTIFIER = "Repina.Music-player";
				PRODUCT_NAME = "$(TARGET_NAME)";
				SWIFT_VERSION = 3.0;
			};
			name = Release;
		};
/* End XCBuildConfiguration section */

/* Begin XCConfigurationList section */
		5D7BEEB41E42531B00A89798 /* Build configuration list for PBXProject "Music player" */ = {
			isa = XCConfigurationList;
			buildConfigurations = (
				5D7BEECB1E42531B00A89798 /* Debug */,
				5D7BEECC1E42531B00A89798 /* Release */,
			);
			defaultConfigurationIsVisible = 0;
			defaultConfigurationName = Release;
		};
		5D7BEECD1E42531B00A89798 /* Build configuration list for PBXNativeTarget "Music player" */ = {
			isa = XCConfigurationList;
			buildConfigurations = (
				5D7BEECE1E42531B00A89798 /* Debug */,
				5D7BEECF1E42531B00A89798 /* Release */,
			);
			defaultConfigurationIsVisible = 0;
			defaultConfigurationName = Release;
		};
/* End XCConfigurationList section */
	};
	rootObject = 5D7BEEB11E42531B00A89798 /* Project object */;
}
